// !$*UTF8*$!
{
	archiveVersion = 1;
	classes = {
	};
	objectVersion = 46;
	objects = {

/* Begin PBXBuildFile section */
		814E8A611DCB2B670038E259 /* tableViewCell.m in Sources */ = {isa = PBXBuildFile; fileRef = 814E8A5F1DCB2B670038E259 /* tableViewCell.m */; };
		814E8A621DCB2B670038E259 /* tableViewCell.xib in Resources */ = {isa = PBXBuildFile; fileRef = 814E8A601DCB2B670038E259 /* tableViewCell.xib */; };
		81B6B5541DC6FB5B0077D0E1 /* main.m in Sources */ = {isa = PBXBuildFile; fileRef = 81B6B5531DC6FB5B0077D0E1 /* main.m */; };
		81B6B5571DC6FB5B0077D0E1 /* AppDelegate.m in Sources */ = {isa = PBXBuildFile; fileRef = 81B6B5561DC6FB5B0077D0E1 /* AppDelegate.m */; };
		81B6B55A1DC6FB5B0077D0E1 /* ViewController.m in Sources */ = {isa = PBXBuildFile; fileRef = 81B6B5591DC6FB5B0077D0E1 /* ViewController.m */; };
		81B6B55D1DC6FB5B0077D0E1 /* Main.storyboard in Resources */ = {isa = PBXBuildFile; fileRef = 81B6B55B1DC6FB5B0077D0E1 /* Main.storyboard */; };
		81B6B55F1DC6FB5B0077D0E1 /* Assets.xcassets in Resources */ = {isa = PBXBuildFile; fileRef = 81B6B55E1DC6FB5B0077D0E1 /* Assets.xcassets */; };
		81B6B5621DC6FB5B0077D0E1 /* LaunchScreen.storyboard in Resources */ = {isa = PBXBuildFile; fileRef = 81B6B5601DC6FB5B0077D0E1 /* LaunchScreen.storyboard */; };
		81B6B56E1DC6FBCC0077D0E1 /* NSMutableArray+Extension.m in Sources */ = {isa = PBXBuildFile; fileRef = 81B6B56D1DC6FBCC0077D0E1 /* NSMutableArray+Extension.m */; };
		81B6B5711DC7233A0077D0E1 /* NSObject+Extension.m in Sources */ = {isa = PBXBuildFile; fileRef = 81B6B5701DC7233A0077D0E1 /* NSObject+Extension.m */; };
/* End PBXBuildFile section */

/* Begin PBXFileReference section */
		814E8A5E1DCB2B670038E259 /* tableViewCell.h */ = {isa = PBXFileReference; fileEncoding = 4; lastKnownFileType = sourcecode.c.h; path = tableViewCell.h; sourceTree = "<group>"; };
		814E8A5F1DCB2B670038E259 /* tableViewCell.m */ = {isa = PBXFileReference; fileEncoding = 4; lastKnownFileType = sourcecode.c.objc; path = tableViewCell.m; sourceTree = "<group>"; };
		814E8A601DCB2B670038E259 /* tableViewCell.xib */ = {isa = PBXFileReference; fileEncoding = 4; lastKnownFileType = file.xib; path = tableViewCell.xib; sourceTree = "<group>"; };
		81B6B54F1DC6FB5B0077D0E1 /* NSObjectCategory.app */ = {isa = PBXFileReference; explicitFileType = wrapper.application; includeInIndex = 0; path = NSObjectCategory.app; sourceTree = BUILT_PRODUCTS_DIR; };
		81B6B5531DC6FB5B0077D0E1 /* main.m */ = {isa = PBXFileReference; lastKnownFileType = sourcecode.c.objc; path = main.m; sourceTree = "<group>"; };
		81B6B5551DC6FB5B0077D0E1 /* AppDelegate.h */ = {isa = PBXFileReference; lastKnownFileType = sourcecode.c.h; path = AppDelegate.h; sourceTree = "<group>"; };
		81B6B5561DC6FB5B0077D0E1 /* AppDelegate.m */ = {isa = PBXFileReference; lastKnownFileType = sourcecode.c.objc; path = AppDelegate.m; sourceTree = "<group>"; };
		81B6B5581DC6FB5B0077D0E1 /* ViewController.h */ = {isa = PBXFileReference; lastKnownFileType = sourcecode.c.h; path = ViewController.h; sourceTree = "<group>"; };
		81B6B5591DC6FB5B0077D0E1 /* ViewController.m */ = {isa = PBXFileReference; lastKnownFileType = sourcecode.c.objc; path = ViewController.m; sourceTree = "<group>"; };
		81B6B55C1DC6FB5B0077D0E1 /* Base */ = {isa = PBXFileReference; lastKnownFileType = file.storyboard; name = Base; path = Base.lproj/Main.storyboard; sourceTree = "<group>"; };
		81B6B55E1DC6FB5B0077D0E1 /* Assets.xcassets */ = {isa = PBXFileReference; lastKnownFileType = folder.assetcatalog; path = Assets.xcassets; sourceTree = "<group>"; };
		81B6B5611DC6FB5B0077D0E1 /* Base */ = {isa = PBXFileReference; lastKnownFileType = file.storyboard; name = Base; path = Base.lproj/LaunchScreen.storyboard; sourceTree = "<group>"; };
		81B6B5631DC6FB5B0077D0E1 /* Info.plist */ = {isa = PBXFileReference; lastKnownFileType = text.plist.xml; path = Info.plist; sourceTree = "<group>"; };
		81B6B56C1DC6FBCC0077D0E1 /* NSMutableArray+Extension.h */ = {isa = PBXFileReference; fileEncoding = 4; lastKnownFileType = sourcecode.c.h; path = "NSMutableArray+Extension.h"; sourceTree = "<group>"; };
		81B6B56D1DC6FBCC0077D0E1 /* NSMutableArray+Extension.m */ = {isa = PBXFileReference; fileEncoding = 4; lastKnownFileType = sourcecode.c.objc; path = "NSMutableArray+Extension.m"; sourceTree = "<group>"; };
		81B6B56F1DC7233A0077D0E1 /* NSObject+Extension.h */ = {isa = PBXFileReference; fileEncoding = 4; lastKnownFileType = sourcecode.c.h; path = "NSObject+Extension.h"; sourceTree = "<group>"; };
		81B6B5701DC7233A0077D0E1 /* NSObject+Extension.m */ = {isa = PBXFileReference; fileEncoding = 4; lastKnownFileType = sourcecode.c.objc; path = "NSObject+Extension.m"; sourceTree = "<group>"; };
/* End PBXFileReference section */

/* Begin PBXFrameworksBuildPhase section */
		81B6B54C1DC6FB5B0077D0E1 /* Frameworks */ = {
			isa = PBXFrameworksBuildPhase;
			buildActionMask = 2147483647;
			files = (
			);
			runOnlyForDeploymentPostprocessing = 0;
		};
/* End PBXFrameworksBuildPhase section */

/* Begin PBXGroup section */
		81B6B5461DC6FB5B0077D0E1 = {
			isa = PBXGroup;
			children = (
				81B6B5511DC6FB5B0077D0E1 /* NSObjectCategory */,
				81B6B5501DC6FB5B0077D0E1 /* Products */,
			);
			sourceTree = "<group>";
		};
		81B6B5501DC6FB5B0077D0E1 /* Products */ = {
			isa = PBXGroup;
			children = (
				81B6B54F1DC6FB5B0077D0E1 /* NSObjectCategory.app */,
			);
			name = Products;
			sourceTree = "<group>";
		};
		81B6B5511DC6FB5B0077D0E1 /* NSObjectCategory */ = {
			isa = PBXGroup;
			children = (
				81B6B5551DC6FB5B0077D0E1 /* AppDelegate.h */,
				81B6B5561DC6FB5B0077D0E1 /* AppDelegate.m */,
				81B6B5581DC6FB5B0077D0E1 /* ViewController.h */,
				81B6B5591DC6FB5B0077D0E1 /* ViewController.m */,
				81B6B55B1DC6FB5B0077D0E1 /* Main.storyboard */,
				81B6B55E1DC6FB5B0077D0E1 /* Assets.xcassets */,
				81B6B5601DC6FB5B0077D0E1 /* LaunchScreen.storyboard */,
				81B6B5631DC6FB5B0077D0E1 /* Info.plist */,
				81B6B5521DC6FB5B0077D0E1 /* Supporting Files */,
				81B6B56C1DC6FBCC0077D0E1 /* NSMutableArray+Extension.h */,
				81B6B56D1DC6FBCC0077D0E1 /* NSMutableArray+Extension.m */,
				81B6B56F1DC7233A0077D0E1 /* NSObject+Extension.h */,
				81B6B5701DC7233A0077D0E1 /* NSObject+Extension.m */,
				814E8A5E1DCB2B670038E259 /* tableViewCell.h */,
				814E8A5F1DCB2B670038E259 /* tableViewCell.m */,
				814E8A601DCB2B670038E259 /* tableViewCell.xib */,
			);
			path = NSObjectCategory;
			sourceTree = "<group>";
		};
		81B6B5521DC6FB5B0077D0E1 /* Supporting Files */ = {
			isa = PBXGroup;
			children = (
				81B6B5531DC6FB5B0077D0E1 /* main.m */,
			);
			name = "Supporting Files";
			sourceTree = "<group>";
		};
/* End PBXGroup section */

/* Begin PBXNativeTarget section */
		81B6B54E1DC6FB5B0077D0E1 /* NSObjectCategory */ = {
			isa = PBXNativeTarget;
			buildConfigurationList = 81B6B5661DC6FB5B0077D0E1 /* Build configuration list for PBXNativeTarget "NSObjectCategory" */;
			buildPhases = (
				81B6B54B1DC6FB5B0077D0E1 /* Sources */,
				81B6B54C1DC6FB5B0077D0E1 /* Frameworks */,
				81B6B54D1DC6FB5B0077D0E1 /* Resources */,
			);
			buildRules = (
			);
			dependencies = (
			);
			name = NSObjectCategory;
			productName = NSObjectCategory;
			productReference = 81B6B54F1DC6FB5B0077D0E1 /* NSObjectCategory.app */;
			productType = "com.apple.product-type.application";
		};
/* End PBXNativeTarget section */

/* Begin PBXProject section */
		81B6B5471DC6FB5B0077D0E1 /* Project object */ = {
			isa = PBXProject;
			attributes = {
				LastUpgradeCheck = 0800;
				ORGANIZATIONNAME = ios;
				TargetAttributes = {
					81B6B54E1DC6FB5B0077D0E1 = {
						CreatedOnToolsVersion = 8.0;
						ProvisioningStyle = Automatic;
					};
				};
			};
			buildConfigurationList = 81B6B54A1DC6FB5B0077D0E1 /* Build configuration list for PBXProject "NSObjectCategory" */;
			compatibilityVersion = "Xcode 3.2";
			developmentRegion = English;
			hasScannedForEncodings = 0;
			knownRegions = (
				en,
				Base,
			);
			mainGroup = 81B6B5461DC6FB5B0077D0E1;
			productRefGroup = 81B6B5501DC6FB5B0077D0E1 /* Products */;
			projectDirPath = "";
			projectRoot = "";
			targets = (
				81B6B54E1DC6FB5B0077D0E1 /* NSObjectCategory */,
			);
		};
/* End PBXProject section */

/* Begin PBXResourcesBuildPhase section */
		81B6B54D1DC6FB5B0077D0E1 /* Resources */ = {
			isa = PBXResourcesBuildPhase;
			buildActionMask = 2147483647;
			files = (
				81B6B5621DC6FB5B0077D0E1 /* LaunchScreen.storyboard in Resources */,
				814E8A621DCB2B670038E259 /* tableViewCell.xib in Resources */,
				81B6B55F1DC6FB5B0077D0E1 /* Assets.xcassets in Resources */,
				81B6B55D1DC6FB5B0077D0E1 /* Main.storyboard in Resources */,
			);
			runOnlyForDeploymentPostprocessing = 0;
		};
/* End PBXResourcesBuildPhase section */

/* Begin PBXSourcesBuildPhase section */
		81B6B54B1DC6FB5B0077D0E1 /* Sources */ = {
			isa = PBXSourcesBuildPhase;
			buildActionMask = 2147483647;
			files = (
				81B6B55A1DC6FB5B0077D0E1 /* ViewController.m in Sources */,
				81B6B5571DC6FB5B0077D0E1 /* AppDelegate.m in Sources */,
				81B6B5711DC7233A0077D0E1 /* NSObject+Extension.m in Sources */,
				81B6B5541DC6FB5B0077D0E1 /* main.m in Sources */,
				81B6B56E1DC6FBCC0077D0E1 /* NSMutableArray+Extension.m in Sources */,
				814E8A611DCB2B670038E259 /* tableViewCell.m in Sources */,
			);
			runOnlyForDeploymentPostprocessing = 0;
		};
/* End PBXSourcesBuildPhase section */

/* Begin PBXVariantGroup section */
		81B6B55B1DC6FB5B0077D0E1 /* Main.storyboard */ = {
			isa = PBXVariantGroup;
			children = (
				81B6B55C1DC6FB5B0077D0E1 /* Base */,
			);
			name = Main.storyboard;
			sourceTree = "<group>";
		};
		81B6B5601DC6FB5B0077D0E1 /* LaunchScreen.storyboard */ = {
			isa = PBXVariantGroup;
			children = (
				81B6B5611DC6FB5B0077D0E1 /* Base */,
			);
			name = LaunchScreen.storyboard;
			sourceTree = "<group>";
		};
/* End PBXVariantGroup section */

/* Begin XCBuildConfiguration section */
		81B6B5641DC6FB5B0077D0E1 /* Debug */ = {
			isa = XCBuildConfiguration;
			buildSettings = {
				ALWAYS_SEARCH_USER_PATHS = NO;
				CLANG_ANALYZER_NONNULL = YES;
				CLANG_CXX_LANGUAGE_STANDARD = "gnu++0x";
				CLANG_CXX_LIBRARY = "libc++";
				CLANG_ENABLE_MODULES = YES;
				CLANG_ENABLE_OBJC_ARC = YES;
				CLANG_WARN_BOOL_CONVERSION = YES;
				CLANG_WARN_CONSTANT_CONVERSION = YES;
				CLANG_WARN_DIRECT_OBJC_ISA_USAGE = YES_ERROR;
				CLANG_WARN_DOCUMENTATION_COMMENTS = YES;
				CLANG_WARN_EMPTY_BODY = YES;
				CLANG_WARN_ENUM_CONVERSION = YES;
				CLANG_WARN_INFINITE_RECURSION = YES;
				CLANG_WARN_INT_CONVERSION = YES;
				CLANG_WARN_OBJC_ROOT_CLASS = YES_ERROR;
				CLANG_WARN_SUSPICIOUS_MOVES = YES;
				CLANG_WARN_UNREACHABLE_CODE = YES;
				CLANG_WARN__DUPLICATE_METHOD_MATCH = YES;
				"CODE_SIGN_IDENTITY[sdk=iphoneos*]" = "iPhone Developer";
				COPY_PHASE_STRIP = NO;
				DEBUG_INFORMATION_FORMAT = dwarf;
				ENABLE_STRICT_OBJC_MSGSEND = YES;
				ENABLE_TESTABILITY = YES;
				GCC_C_LANGUAGE_STANDARD = gnu99;
				GCC_DYNAMIC_NO_PIC = NO;
				GCC_NO_COMMON_BLOCKS = YES;
				GCC_OPTIMIZATION_LEVEL = 0;
				GCC_PREPROCESSOR_DEFINITIONS = (
					"DEBUG=1",
					"$(inherited)",
				);
				GCC_WARN_64_TO_32_BIT_CONVERSION = YES;
				GCC_WARN_ABOUT_RETURN_TYPE = YES_ERROR;
				GCC_WARN_UNDECLARED_SELECTOR = YES;
				GCC_WARN_UNINITIALIZED_AUTOS = YES_AGGRESSIVE;
				GCC_WARN_UNUSED_FUNCTION = YES;
				GCC_WARN_UNUSED_VARIABLE = YES;
				IPHONEOS_DEPLOYMENT_TARGET = 10.0;
				MTL_ENABLE_DEBUG_INFO = YES;
				ONLY_ACTIVE_ARCH = YES;
				SDKROOT = iphoneos;
			};
			name = Debug;
		};
		81B6B5651DC6FB5B0077D0E1 /* Release */ = {
			isa = XCBuildConfiguration;
			buildSettings = {
				ALWAYS_SEARCH_USER_PATHS = NO;
				CLANG_ANALYZER_NONNULL = YES;
				CLANG_CXX_LANGUAGE_STANDARD = "gnu++0x";
				CLANG_CXX_LIBRARY = "libc++";
				CLANG_ENABLE_MODULES = YES;
				CLANG_ENABLE_OBJC_ARC = YES;
				CLANG_WARN_BOOL_CONVERSION = YES;
				CLANG_WARN_CONSTANT_CONVERSION = YES;
				CLANG_WARN_DIRECT_OBJC_ISA_USAGE = YES_ERROR;
				CLANG_WARN_DOCUMENTATION_COMMENTS = YES;
				CLANG_WARN_EMPTY_BODY = YES;
				CLANG_WARN_ENUM_CONVERSION = YES;
				CLANG_WARN_INFINITE_RECURSION = YES;
				CLANG_WARN_INT_CONVERSION = YES;
				CLANG_WARN_OBJC_ROOT_CLASS = YES_ERROR;
				CLANG_WARN_SUSPICIOUS_MOVES = YES;
				CLANG_WARN_UNREACHABLE_CODE = YES;
				CLANG_WARN__DUPLICATE_METHOD_MATCH = YES;
				"CODE_SIGN_IDENTITY[sdk=iphoneos*]" = "iPhone Developer";
				COPY_PHASE_STRIP = NO;
				DEBUG_INFORMATION_FORMAT = "dwarf-with-dsym";
				ENABLE_NS_ASSERTIONS = NO;
				ENABLE_STRICT_OBJC_MSGSEND = YES;
				GCC_C_LANGUAGE_STANDARD = gnu99;
				GCC_NO_COMMON_BLOCKS = YES;
				GCC_WARN_64_TO_32_BIT_CONVERSION = YES;
				GCC_WARN_ABOUT_RETURN_TYPE = YES_ERROR;
				GCC_WARN_UNDECLARED_SELECTOR = YES;
				GCC_WARN_UNINITIALIZED_AUTOS = YES_AGGRESSIVE;
				GCC_WARN_UNUSED_FUNCTION = YES;
				GCC_WARN_UNUSED_VARIABLE = YES;
				IPHONEOS_DEPLOYMENT_TARGET = 10.0;
				MTL_ENABLE_DEBUG_INFO = NO;
				SDKROOT = iphoneos;
				VALIDATE_PRODUCT = YES;
			};
			name = Release;
		};
		81B6B5671DC6FB5B0077D0E1 /* Debug */ = {
			isa = XCBuildConfiguration;
			buildSettings = {
				ASSETCATALOG_COMPILER_APPICON_NAME = AppIcon;
				INFOPLIST_FILE = NSObjectCategory/Info.plist;
				LD_RUNPATH_SEARCH_PATHS = "$(inherited) @executable_path/Frameworks";
				PRODUCT_BUNDLE_IDENTIFIER = com.netease.kylewong.NSObjectCategory;
				PRODUCT_NAME = "$(TARGET_NAME)";
			};
			name = Debug;
		};
		81B6B5681DC6FB5B0077D0E1 /* Release */ = {
			isa = XCBuildConfiguration;
			buildSettings = {
				ASSETCATALOG_COMPILER_APPICON_NAME = AppIcon;
				INFOPLIST_FILE = NSObjectCategory/Info.plist;
				LD_RUNPATH_SEARCH_PATHS = "$(inherited) @executable_path/Frameworks";
				PRODUCT_BUNDLE_IDENTIFIER = com.netease.kylewong.NSObjectCategory;
				PRODUCT_NAME = "$(TARGET_NAME)";
			};
			name = Release;
		};
/* End XCBuildConfiguration section */

/* Begin XCConfigurationList section */
		81B6B54A1DC6FB5B0077D0E1 /* Build configuration list for PBXProject "NSObjectCategory" */ = {
			isa = XCConfigurationList;
			buildConfigurations = (
				81B6B5641DC6FB5B0077D0E1 /* Debug */,
				81B6B5651DC6FB5B0077D0E1 /* Release */,
			);
			defaultConfigurationIsVisible = 0;
			defaultConfigurationName = Release;
		};
		81B6B5661DC6FB5B0077D0E1 /* Build configuration list for PBXNativeTarget "NSObjectCategory" */ = {
			isa = XCConfigurationList;
			buildConfigurations = (
				81B6B5671DC6FB5B0077D0E1 /* Debug */,
				81B6B5681DC6FB5B0077D0E1 /* Release */,
			);
			defaultConfigurationIsVisible = 0;
			defaultConfigurationName = Release;
		};
/* End XCConfigurationList section */
	};
	rootObject = 81B6B5471DC6FB5B0077D0E1 /* Project object */;
}
